
Microsoft Visual Studio Solution File, Format Version 12.00
# Visual Studio 2013
VisualStudioVersion = 12.0.21005.1
MinimumVisualStudioVersion = 10.0.40219.1
Project("{FAE04EC0-301F-11D3-BF4B-00C04F79EFBC}") = "JXPAI.Service", "JXPAI.Service\JXPAI.Service.csproj", "{EA3EE42C-4670-4ECB-9F32-FD3F6E7D92CA}"
EndProject
Project("{FAE04EC0-301F-11D3-BF4B-00C04F79EFBC}") = "JXAPI.JXSdk", "JXAPI.JXSdk\JXAPI.JXSdk.csproj", "{C8687553-6C68-49BB-B842-5D4E82266D43}"
EndProject
Project("{FAE04EC0-301F-11D3-BF4B-00C04F79EFBC}") = "JXAPI.Common", "JXAPI.Common\JXAPI.Common.csproj", "{3E09E319-F9A4-43E1-BB35-1F30E77F5499}"
EndProject
Project("{FAE04EC0-301F-11D3-BF4B-00C04F79EFBC}") = "JXAPI.Component", "JXAPI.Component\JXAPI.Component.csproj", "{C2BF4ACB-99B2-4131-A1B7-66FB49769C0E}"
EndProject
Project("{FAE04EC0-301F-11D3-BF4B-00C04F79EFBC}") = "JXAPI.Test", "JXAPI.Test\JXAPI.Test.csproj", "{D408F8B3-1AFD-49F3-B9AA-2DE28FD753E0}"
EndProject
Project("{FAE04EC0-301F-11D3-BF4B-00C04F79EFBC}") = "JXAPI.ConsoleAppPush", "JXAPI.ConsoleAppPush\JXAPI.ConsoleAppPush.csproj", "{CE100DF3-2DCA-4338-9AE0-7A5622AA073F}"
EndProject
Project("{FAE04EC0-301F-11D3-BF4B-00C04F79EFBC}") = "JXAPI.ConsoleAppSpider", "JXAPI.ConsoleAppSpider\JXAPI.ConsoleAppSpider.csproj", "{82E0B735-68A6-4E0F-B031-F2DE3C29D0FE}"
EndProject
Project("{FAE04EC0-301F-11D3-BF4B-00C04F79EFBC}") = "JXAPI.ConsoleProduct", "JXAPI.ConsoleProduct\JXAPI.ConsoleProduct.csproj", "{0DC6AE69-B498-4652-B449-2CC645292142}"
EndProject
Project("{FAE04EC0-301F-11D3-BF4B-00C04F79EFBC}") = "JXAPI.KeedeAPI", "..\..\..\KeedeAPI\JXAPI.KeedeAPI.csproj", "{5B5B0914-EF67-4EF5-A002-73845D7B4D11}"
EndProject
Global
	GlobalSection(SolutionConfigurationPlatforms) = preSolution
		Debug|Any CPU = Debug|Any CPU
		Debug|Mixed Platforms = Debug|Mixed Platforms
		Debug|x86 = Debug|x86
		Release|Any CPU = Release|Any CPU
		Release|Mixed Platforms = Release|Mixed Platforms
		Release|x86 = Release|x86
	EndGlobalSection
	GlobalSection(ProjectConfigurationPlatforms) = postSolution
		{EA3EE42C-4670-4ECB-9F32-FD3F6E7D92CA}.Debug|Any CPU.ActiveCfg = Debug|Any CPU
		{EA3EE42C-4670-4ECB-9F32-FD3F6E7D92CA}.Debug|Any CPU.Build.0 = Debug|Any CPU
		{EA3EE42C-4670-4ECB-9F32-FD3F6E7D92CA}.Debug|Mixed Platforms.ActiveCfg = Debug|Any CPU
		{EA3EE42C-4670-4ECB-9F32-FD3F6E7D92CA}.Debug|Mixed Platforms.Build.0 = Debug|Any CPU
		{EA3EE42C-4670-4ECB-9F32-FD3F6E7D92CA}.Debug|x86.ActiveCfg = Debug|Any CPU
		{EA3EE42C-4670-4ECB-9F32-FD3F6E7D92CA}.Release|Any CPU.ActiveCfg = Release|Any CPU
		{EA3EE42C-4670-4ECB-9F32-FD3F6E7D92CA}.Release|Any CPU.Build.0 = Release|Any CPU
		{EA3EE42C-4670-4ECB-9F32-FD3F6E7D92CA}.Release|Mixed Platforms.ActiveCfg = Release|Any CPU
		{EA3EE42C-4670-4ECB-9F32-FD3F6E7D92CA}.Release|Mixed Platforms.Build.0 = Release|Any CPU
		{EA3EE42C-4670-4ECB-9F32-FD3F6E7D92CA}.Release|x86.ActiveCfg = Release|Any CPU
		{C8687553-6C68-49BB-B842-5D4E82266D43}.Debug|Any CPU.ActiveCfg = Debug|Any CPU
		{C8687553-6C68-49BB-B842-5D4E82266D43}.Debug|Any CPU.Build.0 = Debug|Any CPU
		{C8687553-6C68-49BB-B842-5D4E82266D43}.Debug|Mixed Platforms.ActiveCfg = Debug|Any CPU
		{C8687553-6C68-49BB-B842-5D4E82266D43}.Debug|Mixed Platforms.Build.0 = Debug|Any CPU
		{C8687553-6C68-49BB-B842-5D4E82266D43}.Debug|x86.ActiveCfg = Debug|Any CPU
		{C8687553-6C68-49BB-B842-5D4E82266D43}.Release|Any CPU.ActiveCfg = Release|Any CPU
		{C8687553-6C68-49BB-B842-5D4E82266D43}.Release|Any CPU.Build.0 = Release|Any CPU
		{C8687553-6C68-49BB-B842-5D4E82266D43}.Release|Mixed Platforms.ActiveCfg = Release|Any CPU
		{C8687553-6C68-49BB-B842-5D4E82266D43}.Release|Mixed Platforms.Build.0 = Release|Any CPU
		{C8687553-6C68-49BB-B842-5D4E82266D43}.Release|x86.ActiveCfg = Release|Any CPU
		{3E09E319-F9A4-43E1-BB35-1F30E77F5499}.Debug|Any CPU.ActiveCfg = Debug|Any CPU
		{3E09E319-F9A4-43E1-BB35-1F30E77F5499}.Debug|Any CPU.Build.0 = Debug|Any CPU
		{3E09E319-F9A4-43E1-BB35-1F30E77F5499}.Debug|Mixed Platforms.ActiveCfg = Debug|Any CPU
		{3E09E319-F9A4-43E1-BB35-1F30E77F5499}.Debug|Mixed Platforms.Build.0 = Debug|Any CPU
		{3E09E319-F9A4-43E1-BB35-1F30E77F5499}.Debug|x86.ActiveCfg = Debug|Any CPU
		{3E09E319-F9A4-43E1-BB35-1F30E77F5499}.Release|Any CPU.ActiveCfg = Release|Any CPU
		{3E09E319-F9A4-43E1-BB35-1F30E77F5499}.Release|Any CPU.Build.0 = Release|Any CPU
		{3E09E319-F9A4-43E1-BB35-1F30E77F5499}.Release|Mixed Platforms.ActiveCfg = Release|Any CPU
		{3E09E319-F9A4-43E1-BB35-1F30E77F5499}.Release|Mixed Platforms.Build.0 = Release|Any CPU
		{3E09E319-F9A4-43E1-BB35-1F30E77F5499}.Release|x86.ActiveCfg = Release|Any CPU
		{C2BF4ACB-99B2-4131-A1B7-66FB49769C0E}.Debug|Any CPU.ActiveCfg = Debug|Any CPU
		{C2BF4ACB-99B2-4131-A1B7-66FB49769C0E}.Debug|Any CPU.Build.0 = Debug|Any CPU
		{C2BF4ACB-99B2-4131-A1B7-66FB49769C0E}.Debug|Mixed Platforms.ActiveCfg = Debug|Any CPU
		{C2BF4ACB-99B2-4131-A1B7-66FB49769C0E}.Debug|Mixed Platforms.Build.0 = Debug|Any CPU
		{C2BF4ACB-99B2-4131-A1B7-66FB49769C0E}.Debug|x86.ActiveCfg = Debug|Any CPU
		{C2BF4ACB-99B2-4131-A1B7-66FB49769C0E}.Release|Any CPU.ActiveCfg = Release|Any CPU
		{C2BF4ACB-99B2-4131-A1B7-66FB49769C0E}.Release|Any CPU.Build.0 = Release|Any CPU
		{C2BF4ACB-99B2-4131-A1B7-66FB49769C0E}.Release|Mixed Platforms.ActiveCfg = Release|Any CPU
		{C2BF4ACB-99B2-4131-A1B7-66FB49769C0E}.Release|Mixed Platforms.Build.0 = Release|Any CPU
		{C2BF4ACB-99B2-4131-A1B7-66FB49769C0E}.Release|x86.ActiveCfg = Release|Any CPU
		{D408F8B3-1AFD-49F3-B9AA-2DE28FD753E0}.Debug|Any CPU.ActiveCfg = Debug|x86
		{D408F8B3-1AFD-49F3-B9AA-2DE28FD753E0}.Debug|Mixed Platforms.ActiveCfg = Debug|x86
		{D408F8B3-1AFD-49F3-B9AA-2DE28FD753E0}.Debug|Mixed Platforms.Build.0 = Debug|x86
		{D408F8B3-1AFD-49F3-B9AA-2DE28FD753E0}.Debug|x86.ActiveCfg = Debug|x86
		{D408F8B3-1AFD-49F3-B9AA-2DE28FD753E0}.Debug|x86.Build.0 = Debug|x86
		{D408F8B3-1AFD-49F3-B9AA-2DE28FD753E0}.Release|Any CPU.ActiveCfg = Release|x86
		{D408F8B3-1AFD-49F3-B9AA-2DE28FD753E0}.Release|Mixed Platforms.ActiveCfg = Release|x86
		{D408F8B3-1AFD-49F3-B9AA-2DE28FD753E0}.Release|Mixed Platforms.Build.0 = Release|x86
		{D408F8B3-1AFD-49F3-B9AA-2DE28FD753E0}.Release|x86.ActiveCfg = Release|x86
		{D408F8B3-1AFD-49F3-B9AA-2DE28FD753E0}.Release|x86.Build.0 = Release|x86
		{CE100DF3-2DCA-4338-9AE0-7A5622AA073F}.Debug|Any CPU.ActiveCfg = Debug|Any CPU
		{CE100DF3-2DCA-4338-9AE0-7A5622AA073F}.Debug|Any CPU.Build.0 = Debug|Any CPU
		{CE100DF3-2DCA-4338-9AE0-7A5622AA073F}.Debug|Mixed Platforms.ActiveCfg = Debug|Any CPU
		{CE100DF3-2DCA-4338-9AE0-7A5622AA073F}.Debug|Mixed Platforms.Build.0 = Debug|Any CPU
		{CE100DF3-2DCA-4338-9AE0-7A5622AA073F}.Debug|x86.ActiveCfg = Debug|Any CPU
		{CE100DF3-2DCA-4338-9AE0-7A5622AA073F}.Release|Any CPU.ActiveCfg = Release|Any CPU
		{CE100DF3-2DCA-4338-9AE0-7A5622AA073F}.Release|Any CPU.Build.0 = Release|Any CPU
		{CE100DF3-2DCA-4338-9AE0-7A5622AA073F}.Release|Mixed Platforms.ActiveCfg = Release|Any CPU
		{CE100DF3-2DCA-4338-9AE0-7A5622AA073F}.Release|Mixed Platforms.Build.0 = Release|Any CPU
		{CE100DF3-2DCA-4338-9AE0-7A5622AA073F}.Release|x86.ActiveCfg = Release|Any CPU
		{82E0B735-68A6-4E0F-B031-F2DE3C29D0FE}.Debug|Any CPU.ActiveCfg = Debug|Any CPU
		{82E0B735-68A6-4E0F-B031-F2DE3C29D0FE}.Debug|Any CPU.Build.0 = Debug|Any CPU
		{82E0B735-68A6-4E0F-B031-F2DE3C29D0FE}.Debug|Mixed Platforms.ActiveCfg = Debug|Any CPU
		{82E0B735-68A6-4E0F-B031-F2DE3C29D0FE}.Debug|Mixed Platforms.Build.0 = Debug|Any CPU
		{82E0B735-68A6-4E0F-B031-F2DE3C29D0FE}.Debug|x86.ActiveCfg = Debug|Any CPU
		{82E0B735-68A6-4E0F-B031-F2DE3C29D0FE}.Release|Any CPU.ActiveCfg = Release|Any CPU
		{82E0B735-68A6-4E0F-B031-F2DE3C29D0FE}.Release|Any CPU.Build.0 = Release|Any CPU
		{82E0B735-68A6-4E0F-B031-F2DE3C29D0FE}.Release|Mixed Platforms.ActiveCfg = Release|Any CPU
		{82E0B735-68A6-4E0F-B031-F2DE3C29D0FE}.Release|Mixed Platforms.Build.0 = Release|Any CPU
		{82E0B735-68A6-4E0F-B031-F2DE3C29D0FE}.Release|x86.ActiveCfg = Release|Any CPU
		{0DC6AE69-B498-4652-B449-2CC645292142}.Debug|Any CPU.ActiveCfg = Debug|Any CPU
		{0DC6AE69-B498-4652-B449-2CC645292142}.Debug|Any CPU.Build.0 = Debug|Any CPU
		{0DC6AE69-B498-4652-B449-2CC645292142}.Debug|Mixed Platforms.ActiveCfg = Debug|Any CPU
		{0DC6AE69-B498-4652-B449-2CC645292142}.Debug|Mixed Platforms.Build.0 = Debug|Any CPU
		{0DC6AE69-B498-4652-B449-2CC645292142}.Debug|x86.ActiveCfg = Debug|Any CPU
		{0DC6AE69-B498-4652-B449-2CC645292142}.Release|Any CPU.ActiveCfg = Release|Any CPU
		{0DC6AE69-B498-4652-B449-2CC645292142}.Release|Any CPU.Build.0 = Release|Any CPU
		{0DC6AE69-B498-4652-B449-2CC645292142}.Release|Mixed Platforms.ActiveCfg = Release|Any CPU
		{0DC6AE69-B498-4652-B449-2CC645292142}.Release|Mixed Platforms.Build.0 = Release|Any CPU
		{0DC6AE69-B498-4652-B449-2CC645292142}.Release|x86.ActiveCfg = Release|Any CPU
		{5B5B0914-EF67-4EF5-A002-73845D7B4D11}.Debug|Any CPU.ActiveCfg = Debug|Any CPU
		{5B5B0914-EF67-4EF5-A002-73845D7B4D11}.Debug|Any CPU.Build.0 = Debug|Any CPU
		{5B5B0914-EF67-4EF5-A002-73845D7B4D11}.Debug|Mixed Platforms.ActiveCfg = Debug|Any CPU
		{5B5B0914-EF67-4EF5-A002-73845D7B4D11}.Debug|Mixed Platforms.Build.0 = Debug|Any CPU
		{5B5B0914-EF67-4EF5-A002-73845D7B4D11}.Debug|x86.ActiveCfg = Debug|Any CPU
		{5B5B0914-EF67-4EF5-A002-73845D7B4D11}.Release|Any CPU.ActiveCfg = Release|Any CPU
		{5B5B0914-EF67-4EF5-A002-73845D7B4D11}.Release|Any CPU.Build.0 = Release|Any CPU
		{5B5B0914-EF67-4EF5-A002-73845D7B4D11}.Release|Mixed Platforms.ActiveCfg = Release|Any CPU
		{5B5B0914-EF67-4EF5-A002-73845D7B4D11}.Release|Mixed Platforms.Build.0 = Release|Any CPU
		{5B5B0914-EF67-4EF5-A002-73845D7B4D11}.Release|x86.ActiveCfg = Release|Any CPU
	EndGlobalSection
	GlobalSection(SolutionProperties) = preSolution
		HideSolutionNode = FALSE
	EndGlobalSection
EndGlobal
